{
  "sources": {
    "adios": {
      "lastModified": 1772186395,
      "narHash": "sha256-NshyMZYZwjKMLKEX0eDf9Fcekq8MFNFk02wW5knzlZU=",
      "owner": "adisbladis",
      "repo": "adios",
      "rev": "6a54071689ec9ec784a16e4eec8ddb864eca2982",
      "type": "github"
    },
    "containerd": {
      "lastModified": 1790791714,
      "narHash": "sha256-ezqs8NmEEle/I7zMEESZctk0Ay87jIOdYh7YuEr6sWE=",
      "owner": "Lillecarl",
      "repo": "containerd",
      "rev": "df742f8d7ee7f57ddba3c475497c032fe9486391",
      "type": "github"
    },
    "dinix": {
      "lastModified": 1790846030,
      "narHash": "sha256-B4BvhZFJagrD1t9Oeb+EZOv0PS+4hQKD3lqiFiuWMM0=",
      "owner": "lillecarl",
      "repo": "dinix",
      "rev": "22b6d94ca7298bf53fb76b139f4447fce14257ff",
      "type": "github"
    },
    "easykubenix": {
      "lastModified": 1791371849,
      "narHash": "sha256-fVGwh4fMg+CZuvRXvwBRoQfjpzlMir7gZXz0oz8K5XM=",
      "owner": "Lillecarl",
      "repo": "easykubenix",
      "rev": "b55bd7c1c6e358b90f7348bb2bdcd05afe3b8e00",
      "type": "github"
    },
    "flake-compatish": {
      "lastModified": 1788776522,
      "narHash": "sha256-qdPD3fRreZ3deeqzpG19VaTS4cKzV0Nem4QJhQgAwiU=",
      "owner": "lillecarl",
      "repo": "flake-compatish",
      "rev": "523101308fe8cd7cba012bf2cf6f3cbe12b039b9",
      "type": "github"
    },
    "ghanix": {
      "lastModified": 1790339530,
      "narHash": "sha256-jbu8nprht93LbEe9QXF7NL5XXRcqNqUQli0KW8dTHwI=",
      "owner": "Lillecarl",
      "repo": "ghanix",
      "rev": "728b3d85f2fd010d95c3a2a09246277693c95aee",
      "type": "github"
    },
    "havsorm": {
      "lastModified": 1791695518,
      "narHash": "sha256-P/xMtQmx9LFd2oA00g1lTEf4WJoYe+yGApvjjsVU3Uc=",
      "owner": "nixidae",
      "repo": "havsorm",
      "rev": "5fc9323c5bc37bac05542147c3b36b434b8e6eb3",
      "type": "github"
    },
    "huggorm": {
      "lastModified": 1791690890,
      "narHash": "sha256-8Pw9qvmf+xxQVE2VkETGLqUChW7EwiIOHE3f++EYR0c=",
      "owner": "Lillecarl",
      "repo": "huggorm",
      "rev": "91c5b4341fca66c4c06be45d273727724d4f433c",
      "type": "github"
    },
    "kr8s": {
      "lastModified": 1791648761,
      "narHash": "sha256-CMrxDyxbpaEFSFi/WCPliAlr5BDeWE4nCKJWC8KbkPE=",
      "owner": "Lillecarl",
      "repo": "kr8s",
      "rev": "45b1415396ae75e6bc297471451f61af697df821",
      "type": "github"
    },
    "nanopynix": {
      "lastModified": 1791305110,
      "narHash": "sha256-+oVcxOVrN/vB+YI26zsXvA0Pc2kK9LBAWZyGOzHYcW8=",
      "owner": "Lillecarl",
      "repo": "nanopynix",
      "rev": "a3359a2ac7fbc4cc7663d1ac8571f6ca140d9821",
      "type": "github"
    },
    "nix2container": {
      "lastModified": 1790918497,
      "narHash": "sha256-tHQzYcg3iAVhUE5dtRL5KweJXbcZ7UEQG/XFGsHtQsI=",
      "owner": "nlewo",
      "repo": "nix2container",
      "rev": "4e83e6724dcb9eb1b3e855426fa4c8cd19f5ce5a",
      "type": "github"
    },
    "nixkube": {
      "lastModified": 1790851111,
      "narHash": "sha256-gt86f7pA1y716tFnMhh/Y1SiI1Whkt4WlUNCRtdvmCI=",
      "owner": "Lillecarl",
      "repo": "nixkube",
      "rev": "3f618b46feb37f01aac048033fc079db764097f1",
      "type": "github"
    },
    "nixpkgs": {
      "lastModified": 1791336361,
      "narHash": "sha256-o9ZUW4SlEAvFPIyJWnqChhOT/VHpHg8TAvEgmqK1fSI=",
      "owner": "NixOS",
      "repo": "nixpkgs",
      "rev": "7dd199b0e2993e37b4775ed66b1c291699608c9f",
      "type": "github"
    },
    "nixpkgs-release": {
      "lastModified": 1791426274,
      "narHash": "sha256-MWhktfFtFE8Jl7bf9Pkp7TR5MSdYCjCswSo0Gkb4ywc=",
      "owner": "NixOS",
      "repo": "nixpkgs",
      "rev": "7c8764b7c7b09b34f632464276218ef9090eaa11",
      "type": "github"
    },
    "opentofu-registry": {
      "lastModified": 1791389155,
      "narHash": "sha256-08jZA+ycsTinjnyIoN5AcMeGdVEXtEpRXqjq9RPdXCU=",
      "owner": "opentofu",
      "repo": "registry",
      "rev": "73093b3bdfaae670a02b86b535bf43f3011ab4ee",
      "type": "github"
    },
    "pynixd": {
      "lastModified": 1791689628,
      "narHash": "sha256-vKsfSdUpnEvBOwZTvoxxO6P9khLwAT4AD/VmNPFX4IQ=",
      "owner": "Lillecarl",
      "repo": "pynixd",
      "rev": "b699d5e1f3ffc1863a0c09e1863e8f01ad3828da",
      "type": "github"
    },
    "pyproject-nix": {
      "lastModified": 1788394333,
      "narHash": "sha256-xYOP0Xym1eVGUaHFx+eJEaycFGoiCbst3fZf0xFHP78=",
      "owner": "pyproject-nix",
      "repo": "pyproject.nix",
      "rev": "6a8a7881d75b6f98967e7b8069f4ead331384301",
      "type": "github"
    },
    "tree-sitter-nix-numtide": {
      "lastModified": 1779268707,
      "narHash": "sha256-n3sQz0LhDCdoza4bmXHGvZWROyUpYO7u+00/w7bsO/I=",
      "owner": "numtide",
      "repo": "tree-sitter-nix",
      "rev": "70f34e95e30b7ebcc40815d4385d68576c4a15cd",
      "type": "github"
    },
    "treefmt-nix": {
      "lastModified": 1791203292,
      "narHash": "sha256-vuzVwvjeucSnwKwMBpyP8r5IzdrMKCHEdwTrRFwUN7I=",
      "owner": "numtide",
      "repo": "treefmt-nix",
      "rev": "03d8ee1bcbc8f9638907bb79edb9673151d0e22b",
      "type": "github"
    },
    "umbrella": {
      "lastModified": 1791369701,
      "narHash": "sha256-i+ebtzNrBf0lCgPvSlcWrqiQ87HW6hC+YdtzqnWiEgo=",
      "owner": "Lillecarl",
      "repo": "umbrella",
      "rev": "72619b4d9afb81a587fae39fe5070ee730f80f32",
      "type": "github"
    },
    "vivarium": {
      "lastModified": 1791694604,
      "narHash": "sha256-lpZeVoaeJqXOdbzSsMlgzqT5RxIpmtSMP348iWY2B+A=",
      "owner": "Lillecarl",
      "repo": "vivarium",
      "rev": "8937c371771ddd295ad88017ac3f41c9672ad935",
      "type": "github"
    }
  },
  "version": 1
}
