{
  "sources": {
    "adios": {
      "lastModified": 1772186395,
      "narHash": "sha256-NshyMZYZwjKMLKEX0eDf9Fcekq8MFNFk02wW5knzlZU=",
      "owner": "adisbladis",
      "repo": "adios",
      "rev": "6a54071689ec9ec784a16e4eec8ddb864eca2982",
      "type": "github"
    },
    "dinix": {
      "lastModified": 1769166639,
      "narHash": "sha256-Xpqn3FuNYMKvCyJwOmdIY4WjFZd9TVGrjPtHsEZXkxU=",
      "owner": "lillecarl",
      "repo": "dinix",
      "rev": "383d944448f629813a691707b8b45ba78f4d2f6b",
      "type": "github"
    },
    "easykubenix": {
      "lastModified": 1789558317,
      "narHash": "sha256-uSSClGQOiJNLBdksGHY0MxF34U7I+eT/QfLGg5t7Jvc=",
      "owner": "Lillecarl",
      "repo": "easykubenix",
      "rev": "1de682d564e8f2eff7b48088e627adba0abbc78e",
      "type": "github"
    },
    "flake-compatish": {
      "lastModified": 1788776522,
      "narHash": "sha256-qdPD3fRreZ3deeqzpG19VaTS4cKzV0Nem4QJhQgAwiU=",
      "owner": "lillecarl",
      "repo": "flake-compatish",
      "rev": "523101308fe8cd7cba012bf2cf6f3cbe12b039b9",
      "type": "github"
    },
    "ghanix": {
      "lastModified": 1789474857,
      "narHash": "sha256-Gl4P9wn3kSFdh04TV/mSwkUZZnl6ZuZbVIjuAOpbR0I=",
      "owner": "Lillecarl",
      "repo": "ghanix",
      "rev": "db734a24a714bd3fecc79659f51700f7e560434e",
      "type": "github"
    },
    "nanopynix": {
      "lastModified": 1789558316,
      "narHash": "sha256-hBSPZnnTSf8cIcGJmet0IH+KEwxw0PdpzZ4duwDbiSA=",
      "owner": "Lillecarl",
      "repo": "nanopynix",
      "rev": "a7e968ae2f1f10538a39a337f26d56928093e8f6",
      "type": "github"
    },
    "nixkube": {
      "lastModified": 1789558318,
      "narHash": "sha256-y8a48S8gsTKxrcGtpjS+GVq5S1ShTH63UFsor0jKxJY=",
      "owner": "Lillecarl",
      "repo": "nixkube",
      "rev": "12582c8dd9dea7bd7c608fe22fe8ce7d58341f47",
      "type": "github"
    },
    "nixpkgs": {
      "lastModified": 1789370336,
      "narHash": "sha256-6RSEDHIWQtesQKWSu5qRai8L2h4KgCgMEfJHstW99G4=",
      "owner": "NixOS",
      "repo": "nixpkgs",
      "rev": "c7def046b9a883d46974757852106483d741586f",
      "type": "github"
    },
    "opentofu-registry": {
      "lastModified": 1789473897,
      "narHash": "sha256-lIrL27YI4Vi5B4vtx4rUAHeUXS8EV41aodAKeh+nX8o=",
      "owner": "opentofu",
      "repo": "registry",
      "rev": "fd385fec39f3763c9fdf4b9a693fdbdfb2dde58c",
      "type": "github"
    },
    "pynixd": {
      "lastModified": 1789558317,
      "narHash": "sha256-knvc7RCd9KneKKlHdsqaXeh1TNRSz2TNnT42U7ZEzWY=",
      "owner": "Lillecarl",
      "repo": "pynixd",
      "rev": "68eaf7833e02a5e623b680af71d8bdca0a190e71",
      "type": "github"
    },
    "pyproject-nix": {
      "lastModified": 1788394333,
      "narHash": "sha256-xYOP0Xym1eVGUaHFx+eJEaycFGoiCbst3fZf0xFHP78=",
      "owner": "pyproject-nix",
      "repo": "pyproject.nix",
      "rev": "6a8a7881d75b6f98967e7b8069f4ead331384301",
      "type": "github"
    },
    "tree-sitter-nix-numtide": {
      "lastModified": 1779268707,
      "narHash": "sha256-n3sQz0LhDCdoza4bmXHGvZWROyUpYO7u+00/w7bsO/I=",
      "owner": "numtide",
      "repo": "tree-sitter-nix",
      "rev": "70f34e95e30b7ebcc40815d4385d68576c4a15cd",
      "type": "github"
    },
    "treefmt-nix": {
      "lastModified": 1786901030,
      "narHash": "sha256-WSFCsDSE5ffgD2MqzkM2CYjeFiKhRF/dJUN8uedb6YE=",
      "owner": "numtide",
      "repo": "treefmt-nix",
      "rev": "27b3b12a8e6375f28ebe122f07d230ca5459bbfa",
      "type": "github"
    },
    "umbrella": {
      "lastModified": 1789558365,
      "narHash": "sha256-5X3wnMRbpUpLEVM6ieEx4Xml/dY1RE9aRwI5WdYsbUs=",
      "owner": "Lillecarl",
      "repo": "umbrella",
      "rev": "a56e46c67ca82eb81affc251ccba6f2572a5cdc0",
      "type": "github"
    },
    "user-mode-nixos": {
      "lastModified": 1789558318,
      "narHash": "sha256-tVk6iHmSWf+mQFD4ONqIc6R3kuRcGqjkN/hs8Df+Eh4=",
      "owner": "lillecarl",
      "repo": "user-mode-nixos",
      "rev": "9b72c413893c0e6316b389c7dfd73031c4e5cfad",
      "type": "github"
    }
  },
  "version": 1
}
