{
  "sources": {
    "adios": {
      "lastModified": 1772186395,
      "narHash": "sha256-NshyMZYZwjKMLKEX0eDf9Fcekq8MFNFk02wW5knzlZU=",
      "owner": "adisbladis",
      "repo": "adios",
      "rev": "6a54071689ec9ec784a16e4eec8ddb864eca2982",
      "type": "github"
    },
    "dinix": {
      "lastModified": 1769166639,
      "narHash": "sha256-Xpqn3FuNYMKvCyJwOmdIY4WjFZd9TVGrjPtHsEZXkxU=",
      "owner": "lillecarl",
      "repo": "dinix",
      "rev": "383d944448f629813a691707b8b45ba78f4d2f6b",
      "type": "github"
    },
    "easykubenix": {
      "lastModified": 1789561424,
      "narHash": "sha256-cIo29UgwvbBN3mJmWcXkTVx7eU6vN5irLjPcLp2LYcI=",
      "owner": "Lillecarl",
      "repo": "easykubenix",
      "rev": "fab1027cd1b9a0d6f651741009fa8c7d22d8ce36",
      "type": "github"
    },
    "flake-compatish": {
      "lastModified": 1788776522,
      "narHash": "sha256-qdPD3fRreZ3deeqzpG19VaTS4cKzV0Nem4QJhQgAwiU=",
      "owner": "lillecarl",
      "repo": "flake-compatish",
      "rev": "523101308fe8cd7cba012bf2cf6f3cbe12b039b9",
      "type": "github"
    },
    "ghanix": {
      "lastModified": 1789474857,
      "narHash": "sha256-Gl4P9wn3kSFdh04TV/mSwkUZZnl6ZuZbVIjuAOpbR0I=",
      "owner": "Lillecarl",
      "repo": "ghanix",
      "rev": "db734a24a714bd3fecc79659f51700f7e560434e",
      "type": "github"
    },
    "nanopynix": {
      "lastModified": 1789561423,
      "narHash": "sha256-RqEdQqgzMTHreYGDveQDszuw/q5Z/5M/oTPMkz2Ypfw=",
      "owner": "Lillecarl",
      "repo": "nanopynix",
      "rev": "6c96fe35b7c91b389081fc700863879c202ad5c5",
      "type": "github"
    },
    "nixkube": {
      "lastModified": 1789561425,
      "narHash": "sha256-qGfRUluE1c+Y3bcgDYTuweM1WOBX+vIW/MuC8JcXnaw=",
      "owner": "Lillecarl",
      "repo": "nixkube",
      "rev": "cc2d150d26c2580d42531b0673dcc65f5c7681f1",
      "type": "github"
    },
    "nixpkgs": {
      "lastModified": 1789370336,
      "narHash": "sha256-6RSEDHIWQtesQKWSu5qRai8L2h4KgCgMEfJHstW99G4=",
      "owner": "NixOS",
      "repo": "nixpkgs",
      "rev": "c7def046b9a883d46974757852106483d741586f",
      "type": "github"
    },
    "opentofu-registry": {
      "lastModified": 1789473897,
      "narHash": "sha256-lIrL27YI4Vi5B4vtx4rUAHeUXS8EV41aodAKeh+nX8o=",
      "owner": "opentofu",
      "repo": "registry",
      "rev": "fd385fec39f3763c9fdf4b9a693fdbdfb2dde58c",
      "type": "github"
    },
    "pynixd": {
      "lastModified": 1789569721,
      "narHash": "sha256-XKcK2Y4TZuiJ+Rib8YmVEQXMZMpGmrptloRAizmzcc4=",
      "owner": "Lillecarl",
      "repo": "pynixd",
      "rev": "bb0125414d275410b6061d2b1324edc0a82cca83",
      "type": "github"
    },
    "pyproject-nix": {
      "lastModified": 1788394333,
      "narHash": "sha256-xYOP0Xym1eVGUaHFx+eJEaycFGoiCbst3fZf0xFHP78=",
      "owner": "pyproject-nix",
      "repo": "pyproject.nix",
      "rev": "6a8a7881d75b6f98967e7b8069f4ead331384301",
      "type": "github"
    },
    "tree-sitter-nix-numtide": {
      "lastModified": 1779268707,
      "narHash": "sha256-n3sQz0LhDCdoza4bmXHGvZWROyUpYO7u+00/w7bsO/I=",
      "owner": "numtide",
      "repo": "tree-sitter-nix",
      "rev": "70f34e95e30b7ebcc40815d4385d68576c4a15cd",
      "type": "github"
    },
    "treefmt-nix": {
      "lastModified": 1786901030,
      "narHash": "sha256-WSFCsDSE5ffgD2MqzkM2CYjeFiKhRF/dJUN8uedb6YE=",
      "owner": "numtide",
      "repo": "treefmt-nix",
      "rev": "27b3b12a8e6375f28ebe122f07d230ca5459bbfa",
      "type": "github"
    },
    "umbrella": {
      "lastModified": 1789561486,
      "narHash": "sha256-7DHG/Dq4WK7I2IUyFnTeD17waR9u5ObD3xnT4ozbuVg=",
      "owner": "Lillecarl",
      "repo": "umbrella",
      "rev": "7d666abba9148ee8c1afcc102141142fdefb280c",
      "type": "github"
    },
    "user-mode-nixos": {
      "lastModified": 1789561426,
      "narHash": "sha256-pbI1NiZowVSE0tuHdnyoAUnLFRWQ0IT8g39AXVcZqUI=",
      "owner": "lillecarl",
      "repo": "user-mode-nixos",
      "rev": "1c335258509ed10bc7782860f9371d705004d096",
      "type": "github"
    }
  },
  "version": 1
}
